# THIS IS AN AUTOGENERATED FILE. DO NOT EDIT THIS FILE DIRECTLY.
# yarn lockfile v1


"@types/node@^18.15.1":
  version "18.15.1"
  resolved "https://registry.npmmirror.com/@types/node/-/node-18.15.1.tgz#41dc2bf78e8085a250d4670d95edb7fba621dd29"
  integrity sha512-U2TWca8AeHSmbpi314QBESRk7oPjSZjDsR+c+H4ECC1l+kFgpZf8Ydhv3SJpPy51VyZHHqxlb6mTTqYNNRVAIw==
